
Microsoft Visual Studio Solution File, Format Version 12.00
# Visual Studio 14
VisualStudioVersion = 14.0.25420.1
MinimumVisualStudioVersion = 10.0.40219.1
Project("{FAE04EC0-301F-11D3-BF4B-00C04F79EFBC}") = "2017-10-25", "2017-10-25\2017-10-25.csproj", "{B818BFFA-7FB6-460F-BBE7-83BB95ECC422}"
EndProject
Global
	GlobalSection(SolutionConfigurationPlatforms) = preSolution
		Debug|Any CPU = Debug|Any CPU
		Release|Any CPU = Release|Any CPU
	EndGlobalSection
	GlobalSection(ProjectConfigurationPlatforms) = postSolution
		{B818BFFA-7FB6-460F-BBE7-83BB95ECC422}.Debug|Any CPU.ActiveCfg = Debug|Any CPU
		{B818BFFA-7FB6-460F-BBE7-83BB95ECC422}.Debug|Any CPU.Build.0 = Debug|Any CPU
		{B818BFFA-7FB6-460F-BBE7-83BB95ECC422}.Release|Any CPU.ActiveCfg = Release|Any CPU
		{B818BFFA-7FB6-460F-BBE7-83BB95ECC422}.Release|Any CPU.Build.0 = Release|Any CPU
	EndGlobalSection
	GlobalSection(SolutionProperties) = preSolution
		HideSolutionNode = FALSE
	EndGlobalSection
EndGlobal
