
Microsoft Visual Studio Solution File, Format Version 12.00
# Visual Studio 14
VisualStudioVersion = 14.0.25420.1
MinimumVisualStudioVersion = 10.0.40219.1
Project("{FAE04EC0-301F-11D3-BF4B-00C04F79EFBC}") = "2017-3-18", "2017-3-18\2017-3-18.csproj", "{EF6862D3-7104-4ED9-8B30-E070220F3DCD}"
EndProject
Global
	GlobalSection(SolutionConfigurationPlatforms) = preSolution
		Debug|Any CPU = Debug|Any CPU
		Release|Any CPU = Release|Any CPU
	EndGlobalSection
	GlobalSection(ProjectConfigurationPlatforms) = postSolution
		{EF6862D3-7104-4ED9-8B30-E070220F3DCD}.Debug|Any CPU.ActiveCfg = Debug|Any CPU
		{EF6862D3-7104-4ED9-8B30-E070220F3DCD}.Debug|Any CPU.Build.0 = Debug|Any CPU
		{EF6862D3-7104-4ED9-8B30-E070220F3DCD}.Release|Any CPU.ActiveCfg = Release|Any CPU
		{EF6862D3-7104-4ED9-8B30-E070220F3DCD}.Release|Any CPU.Build.0 = Release|Any CPU
	EndGlobalSection
	GlobalSection(SolutionProperties) = preSolution
		HideSolutionNode = FALSE
	EndGlobalSection
EndGlobal
