
Microsoft Visual Studio Solution File, Format Version 12.00
# Visual Studio 15
VisualStudioVersion = 15.0.27130.2036
MinimumVisualStudioVersion = 10.0.40219.1
Project("{FAE04EC0-301F-11D3-BF4B-00C04F79EFBC}") = "2018-4-2", "2018-4-2\2018-4-2.csproj", "{51157D77-D9F2-4B1F-9848-894D355227C9}"
EndProject
Global
	GlobalSection(SolutionConfigurationPlatforms) = preSolution
		Debug|Any CPU = Debug|Any CPU
		Release|Any CPU = Release|Any CPU
	EndGlobalSection
	GlobalSection(ProjectConfigurationPlatforms) = postSolution
		{51157D77-D9F2-4B1F-9848-894D355227C9}.Debug|Any CPU.ActiveCfg = Debug|Any CPU
		{51157D77-D9F2-4B1F-9848-894D355227C9}.Debug|Any CPU.Build.0 = Debug|Any CPU
		{51157D77-D9F2-4B1F-9848-894D355227C9}.Release|Any CPU.ActiveCfg = Release|Any CPU
		{51157D77-D9F2-4B1F-9848-894D355227C9}.Release|Any CPU.Build.0 = Release|Any CPU
	EndGlobalSection
	GlobalSection(SolutionProperties) = preSolution
		HideSolutionNode = FALSE
	EndGlobalSection
	GlobalSection(ExtensibilityGlobals) = postSolution
		SolutionGuid = {82CBEB67-446E-46E9-8DF4-DDE82CF52D4B}
	EndGlobalSection
EndGlobal
