
Microsoft Visual Studio Solution File, Format Version 12.00
# Visual Studio 14
VisualStudioVersion = 14.0.25420.1
MinimumVisualStudioVersion = 10.0.40219.1
Project("{FAE04EC0-301F-11D3-BF4B-00C04F79EFBC}") = "2017-11-24", "2017-11-24\2017-11-24.csproj", "{774F9738-A79D-4CB5-BA52-90397E8A743F}"
EndProject
Global
	GlobalSection(SolutionConfigurationPlatforms) = preSolution
		Debug|Any CPU = Debug|Any CPU
		Release|Any CPU = Release|Any CPU
	EndGlobalSection
	GlobalSection(ProjectConfigurationPlatforms) = postSolution
		{774F9738-A79D-4CB5-BA52-90397E8A743F}.Debug|Any CPU.ActiveCfg = Debug|Any CPU
		{774F9738-A79D-4CB5-BA52-90397E8A743F}.Debug|Any CPU.Build.0 = Debug|Any CPU
		{774F9738-A79D-4CB5-BA52-90397E8A743F}.Release|Any CPU.ActiveCfg = Release|Any CPU
		{774F9738-A79D-4CB5-BA52-90397E8A743F}.Release|Any CPU.Build.0 = Release|Any CPU
	EndGlobalSection
	GlobalSection(SolutionProperties) = preSolution
		HideSolutionNode = FALSE
	EndGlobalSection
EndGlobal
