
Microsoft Visual Studio Solution File, Format Version 12.00
# Visual Studio 15
VisualStudioVersion = 15.0.27428.2015
MinimumVisualStudioVersion = 10.0.40219.1
Project("{FAE04EC0-301F-11D3-BF4B-00C04F79EFBC}") = "2018-5-7", "2018-5-7\2018-5-7.csproj", "{FF112085-BD70-4405-9CEF-87D0DB4B9A0C}"
EndProject
Global
	GlobalSection(SolutionConfigurationPlatforms) = preSolution
		Debug|Any CPU = Debug|Any CPU
		Release|Any CPU = Release|Any CPU
	EndGlobalSection
	GlobalSection(ProjectConfigurationPlatforms) = postSolution
		{FF112085-BD70-4405-9CEF-87D0DB4B9A0C}.Debug|Any CPU.ActiveCfg = Debug|Any CPU
		{FF112085-BD70-4405-9CEF-87D0DB4B9A0C}.Debug|Any CPU.Build.0 = Debug|Any CPU
		{FF112085-BD70-4405-9CEF-87D0DB4B9A0C}.Release|Any CPU.ActiveCfg = Release|Any CPU
		{FF112085-BD70-4405-9CEF-87D0DB4B9A0C}.Release|Any CPU.Build.0 = Release|Any CPU
	EndGlobalSection
	GlobalSection(SolutionProperties) = preSolution
		HideSolutionNode = FALSE
	EndGlobalSection
	GlobalSection(ExtensibilityGlobals) = postSolution
		SolutionGuid = {DC4F42FD-4A02-46D0-AC32-522026B59CA6}
	EndGlobalSection
EndGlobal
