
Microsoft Visual Studio Solution File, Format Version 12.00
# Visual Studio 14
VisualStudioVersion = 14.0.25420.1
MinimumVisualStudioVersion = 10.0.40219.1
Project("{FAE04EC0-301F-11D3-BF4B-00C04F79EFBC}") = "2017-2-24", "2017-2-24\2017-2-24.csproj", "{A0B275BF-47F5-4C3F-87EF-3A54477A8BA4}"
EndProject
Global
	GlobalSection(SolutionConfigurationPlatforms) = preSolution
		Debug|Any CPU = Debug|Any CPU
		Release|Any CPU = Release|Any CPU
	EndGlobalSection
	GlobalSection(ProjectConfigurationPlatforms) = postSolution
		{A0B275BF-47F5-4C3F-87EF-3A54477A8BA4}.Debug|Any CPU.ActiveCfg = Debug|Any CPU
		{A0B275BF-47F5-4C3F-87EF-3A54477A8BA4}.Debug|Any CPU.Build.0 = Debug|Any CPU
		{A0B275BF-47F5-4C3F-87EF-3A54477A8BA4}.Release|Any CPU.ActiveCfg = Release|Any CPU
		{A0B275BF-47F5-4C3F-87EF-3A54477A8BA4}.Release|Any CPU.Build.0 = Release|Any CPU
	EndGlobalSection
	GlobalSection(SolutionProperties) = preSolution
		HideSolutionNode = FALSE
	EndGlobalSection
EndGlobal
